
Microsoft Visual Studio Solution File, Format Version 12.00
# Visual Studio 2013
VisualStudioVersion = 12.0.21005.1
MinimumVisualStudioVersion = 10.0.40219.1
Project("{8BC9CEB8-8B4A-11D0-8D11-00A0C91BC942}") = "win_lab04", "win_lab04\win_lab04.vcxproj", "{DED7D1BC-DA1E-4E49-9106-403C35873733}"
EndProject
Global
	GlobalSection(SolutionConfigurationPlatforms) = preSolution
		Debug|Win32 = Debug|Win32
		Release|Win32 = Release|Win32
	EndGlobalSection
	GlobalSection(ProjectConfigurationPlatforms) = postSolution
		{DED7D1BC-DA1E-4E49-9106-403C35873733}.Debug|Win32.ActiveCfg = Release|Win32
		{DED7D1BC-DA1E-4E49-9106-403C35873733}.Debug|Win32.Build.0 = Release|Win32
		{DED7D1BC-DA1E-4E49-9106-403C35873733}.Release|Win32.ActiveCfg = Release|Win32
		{DED7D1BC-DA1E-4E49-9106-403C35873733}.Release|Win32.Build.0 = Release|Win32
	EndGlobalSection
	GlobalSection(SolutionProperties) = preSolution
		HideSolutionNode = FALSE
	EndGlobalSection
EndGlobal
